
Microsoft Visual Studio Solution File, Format Version 12.00
# Visual Studio 15
VisualStudioVersion = 15.0.28307.489
MinimumVisualStudioVersion = 10.0.40219.1
Project("{FAE04EC0-301F-11D3-BF4B-00C04F79EFBC}") = "Assignment", "Assignment\Assignment.csproj", "{39334AE5-CD9B-4831-902E-56737BFB82DF}"
EndProject
Global
	GlobalSection(SolutionConfigurationPlatforms) = preSolution
		Debug|Any CPU = Debug|Any CPU
		Release|Any CPU = Release|Any CPU
	EndGlobalSection
	GlobalSection(ProjectConfigurationPlatforms) = postSolution
		{39334AE5-CD9B-4831-902E-56737BFB82DF}.Debug|Any CPU.ActiveCfg = Debug|Any CPU
		{39334AE5-CD9B-4831-902E-56737BFB82DF}.Debug|Any CPU.Build.0 = Debug|Any CPU
		{39334AE5-CD9B-4831-902E-56737BFB82DF}.Release|Any CPU.ActiveCfg = Release|Any CPU
		{39334AE5-CD9B-4831-902E-56737BFB82DF}.Release|Any CPU.Build.0 = Release|Any CPU
	EndGlobalSection
	GlobalSection(SolutionProperties) = preSolution
		HideSolutionNode = FALSE
	EndGlobalSection
	GlobalSection(ExtensibilityGlobals) = postSolution
		SolutionGuid = {F84B0FFE-BD0E-4DD2-B41D-9114F317D41A}
	EndGlobalSection
EndGlobal
